# THIS IS AN AUTOGENERATED FILE. DO NOT EDIT THIS FILE DIRECTLY.
# yarn lockfile v1

"@sindresorhus/is@^0.14.0":
  "integrity" "sha512-9NET910DNaIPngYnLLPeg+Ogzqsi9uM4mSboU5y6p8S5DzMTVEsJZrawi+BoDNUVBa2DhJqQYUFvMDfgU062LQ=="
  "resolved" "https://registry.npmjs.org/@sindresorhus/is/-/is-0.14.0.tgz"
  "version" "0.14.0"

"@sinonjs/commons@^1.7.0":
  "integrity" "sha512-xkNcLAn/wZaX14RPlwizcKicDk9G3F8m2nU3L7Ukm5zBgTwiT0wsoFAHx9Jq56fJA1z/7uKGtCRu16sOUCLIHQ=="
  "resolved" "https://registry.npmjs.org/@sinonjs/commons/-/commons-1.8.3.tgz"
  "version" "1.8.3"
  dependencies:
    "type-detect" "4.0.8"

"@sinonjs/fake-timers@^8.0.1":
  "integrity" "sha512-OAPJUAtgeINhh/TAlUID4QTs53Njm7xzddaVlEs/SXwgtiD1tW22zAB/W1wdqfrpmikgaWQ9Fw6Ws+hsiRm5Vg=="
  "resolved" "https://registry.npmjs.org/@sinonjs/fake-timers/-/fake-timers-8.1.0.tgz"
  "version" "8.1.0"
  dependencies:
    "@sinonjs/commons" "^1.7.0"

"@szmarczak/http-timer@^1.1.2":
  "integrity" "sha512-XIB2XbzHTN6ieIjfIMV9hlVcfPU26s2vafYWQcZHWXHOxiaRZYEDKEwdl129Zyg50+foYV2jCgtrqSA6qNuNSA=="
  "resolved" "https://registry.npmjs.org/@szmarczak/http-timer/-/http-timer-1.1.2.tgz"
  "version" "1.1.2"
  dependencies:
    "defer-to-connect" "^1.0.1"

"@tootallnate/once@1":
  "integrity" "sha512-RbzJvlNzmRq5c3O09UipeuXno4tA1FE6ikOjxZK0tuxVv3412l64l5t1W5pj4+rJq9vpkm/kwiR07aZXnsKPxw=="
  "resolved" "https://registry.npmjs.org/@tootallnate/once/-/once-1.1.2.tgz"
  "version" "1.1.2"

"@types/babel__core@^7.0.0", "@types/babel__core@^7.1.14":
  "integrity" "sha512-S7unDjm/C7z2A2R9NzfKCK1I+BAALDtxEmsJBwlB3EzNfb929ykjL++1CK9LO++EIp2fQrC8O+BwjKvz6UeDyQ=="
  "resolved" "https://registry.npmjs.org/@types/babel__core/-/babel__core-7.1.18.tgz"
  "version" "7.1.18"
  dependencies:
    "@babel/parser" "^7.1.0"
    "@babel/types" "^7.0.0"
    "@types/babel__generator" "*"
    "@types/babel__template" "*"
    "@types/babel__traverse" "*"

"@types/babel__generator@*":
  "integrity" "sha512-tFkciB9j2K755yrTALxD44McOrk+gfpIpvC3sxHjRawj6PfnQxrse4Clq5y/Rq+G3mrBurMax/lG8Qn2t9mSsg=="
  "resolved" "https://registry.npmjs.org/@types/babel__generator/-/babel__generator-7.6.4.tgz"
  "version" "7.6.4"
  dependencies:
    "@babel/types" "^7.0.0"

"@types/babel__template@*":
  "integrity" "sha512-azBFKemX6kMg5Io+/rdGT0dkGreboUVR0Cdm3fz9QJWpaQGJRQXl7C+6hOTCZcMll7KFyEQpgbYI2lHdsS4U7g=="
  "resolved" "https://registry.npmjs.org/@types/babel__template/-/babel__template-7.4.1.tgz"
  "version" "7.4.1"
  dependencies:
    "@babel/parser" "^7.1.0"
    "@babel/types" "^7.0.0"

"@types/babel__traverse@*", "@types/babel__traverse@^7.0.4", "@types/babel__traverse@^7.0.6":
  "integrity" "sha512-K2waXdXBi2302XUdcHcR1jCeU0LL4TD9HRs/gk0N2Xvrht+G/BfJa4QObBQZfhMdxiCpV3COl5Nfq4uKTeTnJA=="
  "resolved" "https://registry.npmjs.org/@types/babel__traverse/-/babel__traverse-7.14.2.tgz"
  "version" "7.14.2"
  dependencies:
    "@babel/types" "^7.3.0"

"@types/graceful-fs@^4.1.2":
  "integrity" "sha512-anKkLmZZ+xm4p8JWBf4hElkM4XR+EZeA2M9BAkkTldmcyDY4mbdIJnRghDJH3Ov5ooY7/UAoENtmdMSkaAd7Cw=="
  "resolved" "https://registry.npmjs.org/@types/graceful-fs/-/graceful-fs-4.1.5.tgz"
  "version" "4.1.5"
  dependencies:
    "@types/node" "*"

"@types/istanbul-lib-coverage@*", "@types/istanbul-lib-coverage@^2.0.0", "@types/istanbul-lib-coverage@^2.0.1":
  "integrity" "sha512-z/QT1XN4K4KYuslS23k62yDIDLwLFkzxOuMplDtObz0+y7VqJCaO2o+SPwHCvLFZh7xazvvoor2tA/hPz9ee7g=="
  "resolved" "https://registry.npmjs.org/@types/istanbul-lib-coverage/-/istanbul-lib-coverage-2.0.4.tgz"
  "version" "2.0.4"

"@types/istanbul-lib-report@*":
  "integrity" "sha512-plGgXAPfVKFoYfa9NpYDAkseG+g6Jr294RqeqcqDixSbU34MZVJRi/P+7Y8GDpzkEwLaGZZOpKIEmeVZNtKsrg=="
  "resolved" "https://registry.npmjs.org/@types/istanbul-lib-report/-/istanbul-lib-report-3.0.0.tgz"
  "version" "3.0.0"
  dependencies:
    "@types/istanbul-lib-coverage" "*"

"@types/istanbul-reports@^3.0.0":
  "integrity" "sha512-c3mAZEuK0lvBp8tmuL74XRKn1+y2dcwOUpH7x4WrF6gk1GIgiluDRgMYQtw2OFcBvAJWlt6ASU3tSqxp0Uu0Aw=="
  "resolved" "https://registry.npmjs.org/@types/istanbul-reports/-/istanbul-reports-3.0.1.tgz"
  "version" "3.0.1"
  dependencies:
    "@types/istanbul-lib-report" "*"

"@types/node@*":
  "integrity" "sha512-DBZCJbhII3r90XbQxI8Y9IjjiiOGlZ0Hr32omXIZvwwZ7p4DMMXGrKXVyPfuoBOri9XNtL0UK69jYIBIsRX3QQ=="
  "resolved" "https://registry.npmjs.org/@types/node/-/node-17.0.21.tgz"
  "version" "17.0.21"

"@types/prettier@^2.1.5":
  "integrity" "sha512-ReVR2rLTV1kvtlWFyuot+d1pkpG2Fw/XKE3PDAdj57rbM97ttSp9JZ2UsP+2EHTylra9cUf6JA7tGwW1INzUrA=="
  "resolved" "https://registry.npmjs.org/@types/prettier/-/prettier-2.4.4.tgz"
  "version" "2.4.4"

"@types/stack-utils@^2.0.0":
  "integrity" "sha512-Hl219/BT5fLAaz6NDkSuhzasy49dwQS/DSdu4MdggFB8zcXv7vflBI3xp7FEmkmdDkBUI2bPUNeMttp2knYdxw=="
  "resolved" "https://registry.npmjs.org/@types/stack-utils/-/stack-utils-2.0.1.tgz"
  "version" "2.0.1"

"@types/webidl-conversions@*":
  "integrity" "sha512-XAahCdThVuCFDQLT7R7Pk/vqeObFNL3YqRyFZg+AqAP/W1/w3xHaIxuW7WszQqTbIBOPRcItYJIou3i/mppu3Q=="
  "resolved" "https://registry.npmjs.org/@types/webidl-conversions/-/webidl-conversions-6.1.1.tgz"
  "version" "6.1.1"

"@types/whatwg-url@^8.2.1":
  "integrity" "sha512-2YubE1sjj5ifxievI5Ge1sckb9k/Er66HyR2c+3+I6VDUUg1TLPdYYTEbQ+DjRkS4nTxMJhgWfSfMRD2sl2EYQ=="
  "resolved" "https://registry.npmjs.org/@types/whatwg-url/-/whatwg-url-8.2.1.tgz"
  "version" "8.2.1"
  dependencies:
    "@types/node" "*"
    "@types/webidl-conversions" "*"
